// !$*UTF8*$!
{
	archiveVersion = 1;
	classes = {
	};
	objectVersion = 46;
	objects = {

/* Begin PBXBuildFile section */
		F1F1C75F1BE08CC70089F586 /* main.m in Sources */ = {isa = PBXBuildFile; fileRef = F1F1C75E1BE08CC70089F586 /* main.m */; };
		F1F1C7621BE08CC70089F586 /* AppDelegate.m in Sources */ = {isa = PBXBuildFile; fileRef = F1F1C7611BE08CC70089F586 /* AppDelegate.m */; };
		F1F1C7651BE08CC70089F586 /* PlaylistMasterViewController.m in Sources */ = {isa = PBXBuildFile; fileRef = F1F1C7641BE08CC70089F586 /* PlaylistMasterViewController.m */; };
		F1F1C7681BE08CC70089F586 /* Main.storyboard in Resources */ = {isa = PBXBuildFile; fileRef = F1F1C7661BE08CC70089F586 /* Main.storyboard */; };
		F1F1C76A1BE08CC70089F586 /* Assets.xcassets in Resources */ = {isa = PBXBuildFile; fileRef = F1F1C7691BE08CC70089F586 /* Assets.xcassets */; };
		F1F1C76D1BE08CC70089F586 /* LaunchScreen.storyboard in Resources */ = {isa = PBXBuildFile; fileRef = F1F1C76B1BE08CC70089F586 /* LaunchScreen.storyboard */; };
		F1F1C7761BE08EB00089F586 /* PlaylistDetailViewController.m in Sources */ = {isa = PBXBuildFile; fileRef = F1F1C7751BE08EB00089F586 /* PlaylistDetailViewController.m */; };
/* End PBXBuildFile section */

/* Begin PBXFileReference section */
		F1F1C75A1BE08CC60089F586 /* playlist.app */ = {isa = PBXFileReference; explicitFileType = wrapper.application; includeInIndex = 0; path = playlist.app; sourceTree = BUILT_PRODUCTS_DIR; };
		F1F1C75E1BE08CC70089F586 /* main.m */ = {isa = PBXFileReference; lastKnownFileType = sourcecode.c.objc; path = main.m; sourceTree = "<group>"; };
		F1F1C7601BE08CC70089F586 /* AppDelegate.h */ = {isa = PBXFileReference; lastKnownFileType = sourcecode.c.h; path = AppDelegate.h; sourceTree = "<group>"; };
		F1F1C7611BE08CC70089F586 /* AppDelegate.m */ = {isa = PBXFileReference; lastKnownFileType = sourcecode.c.objc; path = AppDelegate.m; sourceTree = "<group>"; };
		F1F1C7631BE08CC70089F586 /* PlaylistMasterViewController.h */ = {isa = PBXFileReference; lastKnownFileType = sourcecode.c.h; path = PlaylistMasterViewController.h; sourceTree = "<group>"; };
		F1F1C7641BE08CC70089F586 /* PlaylistMasterViewController.m */ = {isa = PBXFileReference; lastKnownFileType = sourcecode.c.objc; path = PlaylistMasterViewController.m; sourceTree = "<group>"; };
		F1F1C7671BE08CC70089F586 /* Base */ = {isa = PBXFileReference; lastKnownFileType = file.storyboard; name = Base; path = Base.lproj/Main.storyboard; sourceTree = "<group>"; };
		F1F1C7691BE08CC70089F586 /* Assets.xcassets */ = {isa = PBXFileReference; lastKnownFileType = folder.assetcatalog; path = Assets.xcassets; sourceTree = "<group>"; };
		F1F1C76C1BE08CC70089F586 /* Base */ = {isa = PBXFileReference; lastKnownFileType = file.storyboard; name = Base; path = Base.lproj/LaunchScreen.storyboard; sourceTree = "<group>"; };
		F1F1C76E1BE08CC70089F586 /* Info.plist */ = {isa = PBXFileReference; lastKnownFileType = text.plist.xml; path = Info.plist; sourceTree = "<group>"; };
		F1F1C7741BE08EB00089F586 /* PlaylistDetailViewController.h */ = {isa = PBXFileReference; fileEncoding = 4; lastKnownFileType = sourcecode.c.h; path = PlaylistDetailViewController.h; sourceTree = "<group>"; };
		F1F1C7751BE08EB00089F586 /* PlaylistDetailViewController.m */ = {isa = PBXFileReference; fileEncoding = 4; lastKnownFileType = sourcecode.c.objc; path = PlaylistDetailViewController.m; sourceTree = "<group>"; };
/* End PBXFileReference section */

/* Begin PBXFrameworksBuildPhase section */
		F1F1C7571BE08CC60089F586 /* Frameworks */ = {
			isa = PBXFrameworksBuildPhase;
			buildActionMask = 2147483647;
			files = (
			);
			runOnlyForDeploymentPostprocessing = 0;
		};
/* End PBXFrameworksBuildPhase section */

/* Begin PBXGroup section */
		F1F1C7511BE08CC60089F586 = {
			isa = PBXGroup;
			children = (
				F1F1C75C1BE08CC60089F586 /* playlist */,
				F1F1C75B1BE08CC60089F586 /* Products */,
			);
			sourceTree = "<group>";
		};
		F1F1C75B1BE08CC60089F586 /* Products */ = {
			isa = PBXGroup;
			children = (
				F1F1C75A1BE08CC60089F586 /* playlist.app */,
			);
			name = Products;
			sourceTree = "<group>";
		};
		F1F1C75C1BE08CC60089F586 /* playlist */ = {
			isa = PBXGroup;
			children = (
				F1F1C7601BE08CC70089F586 /* AppDelegate.h */,
				F1F1C7611BE08CC70089F586 /* AppDelegate.m */,
				F1F1C7631BE08CC70089F586 /* PlaylistMasterViewController.h */,
				F1F1C7641BE08CC70089F586 /* PlaylistMasterViewController.m */,
				F1F1C7741BE08EB00089F586 /* PlaylistDetailViewController.h */,
				F1F1C7751BE08EB00089F586 /* PlaylistDetailViewController.m */,
				F1F1C7661BE08CC70089F586 /* Main.storyboard */,
				F1F1C7691BE08CC70089F586 /* Assets.xcassets */,
				F1F1C76B1BE08CC70089F586 /* LaunchScreen.storyboard */,
				F1F1C76E1BE08CC70089F586 /* Info.plist */,
				F1F1C75D1BE08CC60089F586 /* Supporting Files */,
			);
			path = playlist;
			sourceTree = "<group>";
		};
		F1F1C75D1BE08CC60089F586 /* Supporting Files */ = {
			isa = PBXGroup;
			children = (
				F1F1C75E1BE08CC70089F586 /* main.m */,
			);
			name = "Supporting Files";
			sourceTree = "<group>";
		};
/* End PBXGroup section */

/* Begin PBXNativeTarget section */
		F1F1C7591BE08CC60089F586 /* playlist */ = {
			isa = PBXNativeTarget;
			buildConfigurationList = F1F1C7711BE08CC70089F586 /* Build configuration list for PBXNativeTarget "playlist" */;
			buildPhases = (
				F1F1C7561BE08CC60089F586 /* Sources */,
				F1F1C7571BE08CC60089F586 /* Frameworks */,
				F1F1C7581BE08CC60089F586 /* Resources */,
			);
			buildRules = (
			);
			dependencies = (
			);
			name = playlist;
			productName = playlist;
			productReference = F1F1C75A1BE08CC60089F586 /* playlist.app */;
			productType = "com.apple.product-type.application";
		};
/* End PBXNativeTarget section */

/* Begin PBXProject section */
		F1F1C7521BE08CC60089F586 /* Project object */ = {
			isa = PBXProject;
			attributes = {
				LastUpgradeCheck = 0700;
				ORGANIZATIONNAME = saurabh;
				TargetAttributes = {
					F1F1C7591BE08CC60089F586 = {
						CreatedOnToolsVersion = 7.0;
					};
				};
			};
			buildConfigurationList = F1F1C7551BE08CC60089F586 /* Build configuration list for PBXProject "playlist" */;
			compatibilityVersion = "Xcode 3.2";
			developmentRegion = English;
			hasScannedForEncodings = 0;
			knownRegions = (
				en,
				Base,
			);
			mainGroup = F1F1C7511BE08CC60089F586;
			productRefGroup = F1F1C75B1BE08CC60089F586 /* Products */;
			projectDirPath = "";
			projectRoot = "";
			targets = (
				F1F1C7591BE08CC60089F586 /* playlist */,
			);
		};
/* End PBXProject section */

/* Begin PBXResourcesBuildPhase section */
		F1F1C7581BE08CC60089F586 /* Resources */ = {
			isa = PBXResourcesBuildPhase;
			buildActionMask = 2147483647;
			files = (
				F1F1C76D1BE08CC70089F586 /* LaunchScreen.storyboard in Resources */,
				F1F1C76A1BE08CC70089F586 /* Assets.xcassets in Resources */,
				F1F1C7681BE08CC70089F586 /* Main.storyboard in Resources */,
			);
			runOnlyForDeploymentPostprocessing = 0;
		};
/* End PBXResourcesBuildPhase section */

/* Begin PBXSourcesBuildPhase section */
		F1F1C7561BE08CC60089F586 /* Sources */ = {
			isa = PBXSourcesBuildPhase;
			buildActionMask = 2147483647;
			files = (
				F1F1C7651BE08CC70089F586 /* PlaylistMasterViewController.m in Sources */,
				F1F1C7761BE08EB00089F586 /* PlaylistDetailViewController.m in Sources */,
				F1F1C7621BE08CC70089F586 /* AppDelegate.m in Sources */,
				F1F1C75F1BE08CC70089F586 /* main.m in Sources */,
			);
			runOnlyForDeploymentPostprocessing = 0;
		};
/* End PBXSourcesBuildPhase section */

/* Begin PBXVariantGroup section */
		F1F1C7661BE08CC70089F586 /* Main.storyboard */ = {
			isa = PBXVariantGroup;
			children = (
				F1F1C7671BE08CC70089F586 /* Base */,
			);
			name = Main.storyboard;
			sourceTree = "<group>";
		};
		F1F1C76B1BE08CC70089F586 /* LaunchScreen.storyboard */ = {
			isa = PBXVariantGroup;
			children = (
				F1F1C76C1BE08CC70089F586 /* Base */,
			);
			name = LaunchScreen.storyboard;
			sourceTree = "<group>";
		};
/* End PBXVariantGroup section */

/* Begin XCBuildConfiguration section */
		F1F1C76F1BE08CC70089F586 /* Debug */ = {
			isa = XCBuildConfiguration;
			buildSettings = {
				ALWAYS_SEARCH_USER_PATHS = NO;
				CLANG_CXX_LANGUAGE_STANDARD = "gnu++0x";
				CLANG_CXX_LIBRARY = "libc++";
				CLANG_ENABLE_MODULES = YES;
				CLANG_ENABLE_OBJC_ARC = YES;
				CLANG_WARN_BOOL_CONVERSION = YES;
				CLANG_WARN_CONSTANT_CONVERSION = YES;
				CLANG_WARN_DIRECT_OBJC_ISA_USAGE = YES_ERROR;
				CLANG_WARN_EMPTY_BODY = YES;
				CLANG_WARN_ENUM_CONVERSION = YES;
				CLANG_WARN_INT_CONVERSION = YES;
				CLANG_WARN_OBJC_ROOT_CLASS = YES_ERROR;
				CLANG_WARN_UNREACHABLE_CODE = YES;
				CLANG_WARN__DUPLICATE_METHOD_MATCH = YES;
				"CODE_SIGN_IDENTITY[sdk=iphoneos*]" = "iPhone Developer";
				COPY_PHASE_STRIP = NO;
				DEBUG_INFORMATION_FORMAT = dwarf;
				ENABLE_STRICT_OBJC_MSGSEND = YES;
				ENABLE_TESTABILITY = YES;
				GCC_C_LANGUAGE_STANDARD = gnu99;
				GCC_DYNAMIC_NO_PIC = NO;
				GCC_NO_COMMON_BLOCKS = YES;
				GCC_OPTIMIZATION_LEVEL = 0;
				GCC_PREPROCESSOR_DEFINITIONS = (
					"DEBUG=1",
					"$(inherited)",
				);
				GCC_WARN_64_TO_32_BIT_CONVERSION = YES;
				GCC_WARN_ABOUT_RETURN_TYPE = YES_ERROR;
				GCC_WARN_UNDECLARED_SELECTOR = YES;
				GCC_WARN_UNINITIALIZED_AUTOS = YES_AGGRESSIVE;
				GCC_WARN_UNUSED_FUNCTION = YES;
				GCC_WARN_UNUSED_VARIABLE = YES;
				IPHONEOS_DEPLOYMENT_TARGET = 9.0;
				MTL_ENABLE_DEBUG_INFO = YES;
				ONLY_ACTIVE_ARCH = YES;
				SDKROOT = iphoneos;
			};
			name = Debug;
		};
		F1F1C7701BE08CC70089F586 /* Release */ = {
			isa = XCBuildConfiguration;
			buildSettings = {
				ALWAYS_SEARCH_USER_PATHS = NO;
				CLANG_CXX_LANGUAGE_STANDARD = "gnu++0x";
				CLANG_CXX_LIBRARY = "libc++";
				CLANG_ENABLE_MODULES = YES;
				CLANG_ENABLE_OBJC_ARC = YES;
				CLANG_WARN_BOOL_CONVERSION = YES;
				CLANG_WARN_CONSTANT_CONVERSION = YES;
				CLANG_WARN_DIRECT_OBJC_ISA_USAGE = YES_ERROR;
				CLANG_WARN_EMPTY_BODY = YES;
				CLANG_WARN_ENUM_CONVERSION = YES;
				CLANG_WARN_INT_CONVERSION = YES;
				CLANG_WARN_OBJC_ROOT_CLASS = YES_ERROR;
				CLANG_WARN_UNREACHABLE_CODE = YES;
				CLANG_WARN__DUPLICATE_METHOD_MATCH = YES;
				"CODE_SIGN_IDENTITY[sdk=iphoneos*]" = "iPhone Developer";
				COPY_PHASE_STRIP = NO;
				DEBUG_INFORMATION_FORMAT = "dwarf-with-dsym";
				ENABLE_NS_ASSERTIONS = NO;
				ENABLE_STRICT_OBJC_MSGSEND = YES;
				GCC_C_LANGUAGE_STANDARD = gnu99;
				GCC_NO_COMMON_BLOCKS = YES;
				GCC_WARN_64_TO_32_BIT_CONVERSION = YES;
				GCC_WARN_ABOUT_RETURN_TYPE = YES_ERROR;
				GCC_WARN_UNDECLARED_SELECTOR = YES;
				GCC_WARN_UNINITIALIZED_AUTOS = YES_AGGRESSIVE;
				GCC_WARN_UNUSED_FUNCTION = YES;
				GCC_WARN_UNUSED_VARIABLE = YES;
				IPHONEOS_DEPLOYMENT_TARGET = 9.0;
				MTL_ENABLE_DEBUG_INFO = NO;
				SDKROOT = iphoneos;
				VALIDATE_PRODUCT = YES;
			};
			name = Release;
		};
		F1F1C7721BE08CC70089F586 /* Debug */ = {
			isa = XCBuildConfiguration;
			buildSettings = {
				ASSETCATALOG_COMPILER_APPICON_NAME = AppIcon;
				INFOPLIST_FILE = playlist/Info.plist;
				LD_RUNPATH_SEARCH_PATHS = "$(inherited) @executable_path/Frameworks";
				PRODUCT_BUNDLE_IDENTIFIER = kumarsaurabh.playlist;
				PRODUCT_NAME = "$(TARGET_NAME)";
			};
			name = Debug;
		};
		F1F1C7731BE08CC70089F586 /* Release */ = {
			isa = XCBuildConfiguration;
			buildSettings = {
				ASSETCATALOG_COMPILER_APPICON_NAME = AppIcon;
				INFOPLIST_FILE = playlist/Info.plist;
				LD_RUNPATH_SEARCH_PATHS = "$(inherited) @executable_path/Frameworks";
				PRODUCT_BUNDLE_IDENTIFIER = kumarsaurabh.playlist;
				PRODUCT_NAME = "$(TARGET_NAME)";
			};
			name = Release;
		};
/* End XCBuildConfiguration section */

/* Begin XCConfigurationList section */
		F1F1C7551BE08CC60089F586 /* Build configuration list for PBXProject "playlist" */ = {
			isa = XCConfigurationList;
			buildConfigurations = (
				F1F1C76F1BE08CC70089F586 /* Debug */,
				F1F1C7701BE08CC70089F586 /* Release */,
			);
			defaultConfigurationIsVisible = 0;
			defaultConfigurationName = Release;
		};
		F1F1C7711BE08CC70089F586 /* Build configuration list for PBXNativeTarget "playlist" */ = {
			isa = XCConfigurationList;
			buildConfigurations = (
				F1F1C7721BE08CC70089F586 /* Debug */,
				F1F1C7731BE08CC70089F586 /* Release */,
			);
			defaultConfigurationIsVisible = 0;
		};
/* End XCConfigurationList section */
	};
	rootObject = F1F1C7521BE08CC60089F586 /* Project object */;
}
